
Microsoft Visual Studio Solution File, Format Version 12.00
# Visual Studio 15
VisualStudioVersion = 15.0.26730.16
MinimumVisualStudioVersion = 10.0.40219.1
Project("{FAE04EC0-301F-11D3-BF4B-00C04F79EFBC}") = "TutorialWeeklyCalendarAspNetCore", "TutorialWeeklyCalendarAspNetCore\TutorialWeeklyCalendarAspNetCore.csproj", "{75B2307F-EA96-407B-953C-0DF8334CEA5B}"
EndProject
Global
	GlobalSection(SolutionConfigurationPlatforms) = preSolution
		Debug|Any CPU = Debug|Any CPU
		Release|Any CPU = Release|Any CPU
	EndGlobalSection
	GlobalSection(ProjectConfigurationPlatforms) = postSolution
		{75B2307F-EA96-407B-953C-0DF8334CEA5B}.Debug|Any CPU.ActiveCfg = Debug|Any CPU
		{75B2307F-EA96-407B-953C-0DF8334CEA5B}.Debug|Any CPU.Build.0 = Debug|Any CPU
		{75B2307F-EA96-407B-953C-0DF8334CEA5B}.Release|Any CPU.ActiveCfg = Release|Any CPU
		{75B2307F-EA96-407B-953C-0DF8334CEA5B}.Release|Any CPU.Build.0 = Release|Any CPU
	EndGlobalSection
	GlobalSection(SolutionProperties) = preSolution
		HideSolutionNode = FALSE
	EndGlobalSection
	GlobalSection(ExtensibilityGlobals) = postSolution
		SolutionGuid = {39DA7A57-649F-4ABC-B9B4-9F26E6AD03A7}
	EndGlobalSection
EndGlobal
